// !$*UTF8*$!
{
	archiveVersion = 1;
	classes = {
	};
	objectVersion = 52;
	objects = {

/* Begin PBXBuildFile section */
		B10801EC26180977003E098E /* VisualEffectBlur.swift in Sources */ = {isa = PBXBuildFile; fileRef = B10801EB26180977003E098E /* VisualEffectBlur.swift */; };
		B1080200261A33ED003E098E /* KeyboardShortcuts in Frameworks */ = {isa = PBXBuildFile; productRef = B10801FF261A33ED003E098E /* KeyboardShortcuts */; };
		B1080206261A3521003E098E /* Constants.swift in Sources */ = {isa = PBXBuildFile; fileRef = B1080205261A3521003E098E /* Constants.swift */; };
		B108020C261A38B8003E098E /* SettingsView.swift in Sources */ = {isa = PBXBuildFile; fileRef = B108020B261A38B8003E098E /* SettingsView.swift */; };
		B1080212261A3957003E098E /* GeneralSettingsView.swift in Sources */ = {isa = PBXBuildFile; fileRef = B1080211261A3957003E098E /* GeneralSettingsView.swift */; };
		B173F36F260CAEE100717643 /* Tests_iOS.swift in Sources */ = {isa = PBXBuildFile; fileRef = B173F36E260CAEE100717643 /* Tests_iOS.swift */; };
		B173F37A260CAEE100717643 /* Tests_macOS.swift in Sources */ = {isa = PBXBuildFile; fileRef = B173F379260CAEE100717643 /* Tests_macOS.swift */; };
		B173F37C260CAEE100717643 /* AutoClickerApp.swift in Sources */ = {isa = PBXBuildFile; fileRef = B173F353260CAEDE00717643 /* AutoClickerApp.swift */; };
		B173F37D260CAEE100717643 /* AutoClickerApp.swift in Sources */ = {isa = PBXBuildFile; fileRef = B173F353260CAEDE00717643 /* AutoClickerApp.swift */; };
		B173F37E260CAEE100717643 /* ContentView.swift in Sources */ = {isa = PBXBuildFile; fileRef = B173F354260CAEDE00717643 /* ContentView.swift */; };
		B173F37F260CAEE100717643 /* ContentView.swift in Sources */ = {isa = PBXBuildFile; fileRef = B173F354260CAEDE00717643 /* ContentView.swift */; };
		B173F380260CAEE100717643 /* Assets.xcassets in Resources */ = {isa = PBXBuildFile; fileRef = B173F355260CAEE100717643 /* Assets.xcassets */; };
		B173F381260CAEE100717643 /* Assets.xcassets in Resources */ = {isa = PBXBuildFile; fileRef = B173F355260CAEE100717643 /* Assets.xcassets */; };
		B173F39C260D5C6800717643 /* HomeView.swift in Sources */ = {isa = PBXBuildFile; fileRef = B173F39B260D5C6800717643 /* HomeView.swift */; };
		B173F39D260D5C6800717643 /* HomeView.swift in Sources */ = {isa = PBXBuildFile; fileRef = B173F39B260D5C6800717643 /* HomeView.swift */; };
		B1FD016B261A54C000690375 /* AppState.swift in Sources */ = {isa = PBXBuildFile; fileRef = B1FD016A261A54C000690375 /* AppState.swift */; };
/* End PBXBuildFile section */

/* Begin PBXContainerItemProxy section */
		B173F36B260CAEE100717643 /* PBXContainerItemProxy */ = {
			isa = PBXContainerItemProxy;
			containerPortal = B173F34E260CAEDE00717643 /* Project object */;
			proxyType = 1;
			remoteGlobalIDString = B173F359260CAEE100717643;
			remoteInfo = "AutoClicker (iOS)";
		};
		B173F376260CAEE100717643 /* PBXContainerItemProxy */ = {
			isa = PBXContainerItemProxy;
			containerPortal = B173F34E260CAEDE00717643 /* Project object */;
			proxyType = 1;
			remoteGlobalIDString = B173F361260CAEE100717643;
			remoteInfo = "AutoClicker (macOS)";
		};
/* End PBXContainerItemProxy section */

/* Begin PBXFileReference section */
		B10801EB26180977003E098E /* VisualEffectBlur.swift */ = {isa = PBXFileReference; fileEncoding = 4; lastKnownFileType = sourcecode.swift; path = VisualEffectBlur.swift; sourceTree = "<group>"; };
		B1080205261A3521003E098E /* Constants.swift */ = {isa = PBXFileReference; lastKnownFileType = sourcecode.swift; path = Constants.swift; sourceTree = "<group>"; };
		B108020B261A38B8003E098E /* SettingsView.swift */ = {isa = PBXFileReference; lastKnownFileType = sourcecode.swift; path = SettingsView.swift; sourceTree = "<group>"; };
		B1080211261A3957003E098E /* GeneralSettingsView.swift */ = {isa = PBXFileReference; lastKnownFileType = sourcecode.swift; path = GeneralSettingsView.swift; sourceTree = "<group>"; };
		B173F353260CAEDE00717643 /* AutoClickerApp.swift */ = {isa = PBXFileReference; lastKnownFileType = sourcecode.swift; path = AutoClickerApp.swift; sourceTree = "<group>"; };
		B173F354260CAEDE00717643 /* ContentView.swift */ = {isa = PBXFileReference; lastKnownFileType = sourcecode.swift; path = ContentView.swift; sourceTree = "<group>"; };
		B173F355260CAEE100717643 /* Assets.xcassets */ = {isa = PBXFileReference; lastKnownFileType = folder.assetcatalog; path = Assets.xcassets; sourceTree = "<group>"; };
		B173F35A260CAEE100717643 /* AutoClicker.app */ = {isa = PBXFileReference; explicitFileType = wrapper.application; includeInIndex = 0; path = AutoClicker.app; sourceTree = BUILT_PRODUCTS_DIR; };
		B173F35D260CAEE100717643 /* Info.plist */ = {isa = PBXFileReference; lastKnownFileType = text.plist.xml; path = Info.plist; sourceTree = "<group>"; };
		B173F362260CAEE100717643 /* AutoClicker.app */ = {isa = PBXFileReference; explicitFileType = wrapper.application; includeInIndex = 0; path = AutoClicker.app; sourceTree = BUILT_PRODUCTS_DIR; };
		B173F364260CAEE100717643 /* Info.plist */ = {isa = PBXFileReference; lastKnownFileType = text.plist.xml; path = Info.plist; sourceTree = "<group>"; };
		B173F365260CAEE100717643 /* macOS.entitlements */ = {isa = PBXFileReference; lastKnownFileType = text.plist.entitlements; path = macOS.entitlements; sourceTree = "<group>"; };
		B173F36A260CAEE100717643 /* Tests iOS.xctest */ = {isa = PBXFileReference; explicitFileType = wrapper.cfbundle; includeInIndex = 0; path = "Tests iOS.xctest"; sourceTree = BUILT_PRODUCTS_DIR; };
		B173F36E260CAEE100717643 /* Tests_iOS.swift */ = {isa = PBXFileReference; lastKnownFileType = sourcecode.swift; path = Tests_iOS.swift; sourceTree = "<group>"; };
		B173F370260CAEE100717643 /* Info.plist */ = {isa = PBXFileReference; lastKnownFileType = text.plist.xml; path = Info.plist; sourceTree = "<group>"; };
		B173F375260CAEE100717643 /* Tests macOS.xctest */ = {isa = PBXFileReference; explicitFileType = wrapper.cfbundle; includeInIndex = 0; path = "Tests macOS.xctest"; sourceTree = BUILT_PRODUCTS_DIR; };
		B173F379260CAEE100717643 /* Tests_macOS.swift */ = {isa = PBXFileReference; lastKnownFileType = sourcecode.swift; path = Tests_macOS.swift; sourceTree = "<group>"; };
		B173F37B260CAEE100717643 /* Info.plist */ = {isa = PBXFileReference; lastKnownFileType = text.plist.xml; path = Info.plist; sourceTree = "<group>"; };
		B173F39B260D5C6800717643 /* HomeView.swift */ = {isa = PBXFileReference; lastKnownFileType = sourcecode.swift; path = HomeView.swift; sourceTree = "<group>"; };
		B1FD016A261A54C000690375 /* AppState.swift */ = {isa = PBXFileReference; lastKnownFileType = sourcecode.swift; path = AppState.swift; sourceTree = "<group>"; };
/* End PBXFileReference section */

/* Begin PBXFrameworksBuildPhase section */
		B173F357260CAEE100717643 /* Frameworks */ = {
			isa = PBXFrameworksBuildPhase;
			buildActionMask = 2147483647;
			files = (
			);
			runOnlyForDeploymentPostprocessing = 0;
		};
		B173F35F260CAEE100717643 /* Frameworks */ = {
			isa = PBXFrameworksBuildPhase;
			buildActionMask = 2147483647;
			files = (
				B1080200261A33ED003E098E /* KeyboardShortcuts in Frameworks */,
			);
			runOnlyForDeploymentPostprocessing = 0;
		};
		B173F367260CAEE100717643 /* Frameworks */ = {
			isa = PBXFrameworksBuildPhase;
			buildActionMask = 2147483647;
			files = (
			);
			runOnlyForDeploymentPostprocessing = 0;
		};
		B173F372260CAEE100717643 /* Frameworks */ = {
			isa = PBXFrameworksBuildPhase;
			buildActionMask = 2147483647;
			files = (
			);
			runOnlyForDeploymentPostprocessing = 0;
		};
/* End PBXFrameworksBuildPhase section */

/* Begin PBXGroup section */
		B173F34D260CAEDE00717643 = {
			isa = PBXGroup;
			children = (
				B173F352260CAEDE00717643 /* Shared */,
				B173F35C260CAEE100717643 /* iOS */,
				B173F363260CAEE100717643 /* macOS */,
				B173F36D260CAEE100717643 /* Tests iOS */,
				B173F378260CAEE100717643 /* Tests macOS */,
				B173F35B260CAEE100717643 /* Products */,
			);
			sourceTree = "<group>";
		};
		B173F352260CAEDE00717643 /* Shared */ = {
			isa = PBXGroup;
			children = (
				B173F353260CAEDE00717643 /* AutoClickerApp.swift */,
				B173F354260CAEDE00717643 /* ContentView.swift */,
				B173F355260CAEE100717643 /* Assets.xcassets */,
				B108020B261A38B8003E098E /* SettingsView.swift */,
				B1080211261A3957003E098E /* GeneralSettingsView.swift */,
				B1FD016A261A54C000690375 /* AppState.swift */,
				B173F39B260D5C6800717643 /* HomeView.swift */,
				B1080205261A3521003E098E /* Constants.swift */,
			);
			path = Shared;
			sourceTree = "<group>";
		};
		B173F35B260CAEE100717643 /* Products */ = {
			isa = PBXGroup;
			children = (
				B173F35A260CAEE100717643 /* AutoClicker.app */,
				B173F362260CAEE100717643 /* AutoClicker.app */,
				B173F36A260CAEE100717643 /* Tests iOS.xctest */,
				B173F375260CAEE100717643 /* Tests macOS.xctest */,
			);
			name = Products;
			sourceTree = "<group>";
		};
		B173F35C260CAEE100717643 /* iOS */ = {
			isa = PBXGroup;
			children = (
				B173F35D260CAEE100717643 /* Info.plist */,
			);
			path = iOS;
			sourceTree = "<group>";
		};
		B173F363260CAEE100717643 /* macOS */ = {
			isa = PBXGroup;
			children = (
				B173F364260CAEE100717643 /* Info.plist */,
				B10801EB26180977003E098E /* VisualEffectBlur.swift */,
				B173F365260CAEE100717643 /* macOS.entitlements */,
			);
			path = macOS;
			sourceTree = "<group>";
		};
		B173F36D260CAEE100717643 /* Tests iOS */ = {
			isa = PBXGroup;
			children = (
				B173F36E260CAEE100717643 /* Tests_iOS.swift */,
				B173F370260CAEE100717643 /* Info.plist */,
			);
			path = "Tests iOS";
			sourceTree = "<group>";
		};
		B173F378260CAEE100717643 /* Tests macOS */ = {
			isa = PBXGroup;
			children = (
				B173F379260CAEE100717643 /* Tests_macOS.swift */,
				B173F37B260CAEE100717643 /* Info.plist */,
			);
			path = "Tests macOS";
			sourceTree = "<group>";
		};
/* End PBXGroup section */

/* Begin PBXNativeTarget section */
		B173F359260CAEE100717643 /* AutoClicker (iOS) */ = {
			isa = PBXNativeTarget;
			buildConfigurationList = B173F384260CAEE100717643 /* Build configuration list for PBXNativeTarget "AutoClicker (iOS)" */;
			buildPhases = (
				B173F356260CAEE100717643 /* Sources */,
				B173F357260CAEE100717643 /* Frameworks */,
				B173F358260CAEE100717643 /* Resources */,
			);
			buildRules = (
			);
			dependencies = (
			);
			name = "AutoClicker (iOS)";
			productName = "AutoClicker (iOS)";
			productReference = B173F35A260CAEE100717643 /* AutoClicker.app */;
			productType = "com.apple.product-type.application";
		};
		B173F361260CAEE100717643 /* AutoClicker (macOS) */ = {
			isa = PBXNativeTarget;
			buildConfigurationList = B173F387260CAEE100717643 /* Build configuration list for PBXNativeTarget "AutoClicker (macOS)" */;
			buildPhases = (
				B173F35E260CAEE100717643 /* Sources */,
				B173F35F260CAEE100717643 /* Frameworks */,
				B173F360260CAEE100717643 /* Resources */,
			);
			buildRules = (
			);
			dependencies = (
			);
			name = "AutoClicker (macOS)";
			packageProductDependencies = (
				B10801FF261A33ED003E098E /* KeyboardShortcuts */,
			);
			productName = "AutoClicker (macOS)";
			productReference = B173F362260CAEE100717643 /* AutoClicker.app */;
			productType = "com.apple.product-type.application";
		};
		B173F369260CAEE100717643 /* Tests iOS */ = {
			isa = PBXNativeTarget;
			buildConfigurationList = B173F38A260CAEE100717643 /* Build configuration list for PBXNativeTarget "Tests iOS" */;
			buildPhases = (
				B173F366260CAEE100717643 /* Sources */,
				B173F367260CAEE100717643 /* Frameworks */,
				B173F368260CAEE100717643 /* Resources */,
			);
			buildRules = (
			);
			dependencies = (
				B173F36C260CAEE100717643 /* PBXTargetDependency */,
			);
			name = "Tests iOS";
			productName = "Tests iOS";
			productReference = B173F36A260CAEE100717643 /* Tests iOS.xctest */;
			productType = "com.apple.product-type.bundle.ui-testing";
		};
		B173F374260CAEE100717643 /* Tests macOS */ = {
			isa = PBXNativeTarget;
			buildConfigurationList = B173F38D260CAEE100717643 /* Build configuration list for PBXNativeTarget "Tests macOS" */;
			buildPhases = (
				B173F371260CAEE100717643 /* Sources */,
				B173F372260CAEE100717643 /* Frameworks */,
				B173F373260CAEE100717643 /* Resources */,
			);
			buildRules = (
			);
			dependencies = (
				B173F377260CAEE100717643 /* PBXTargetDependency */,
			);
			name = "Tests macOS";
			productName = "Tests macOS";
			productReference = B173F375260CAEE100717643 /* Tests macOS.xctest */;
			productType = "com.apple.product-type.bundle.ui-testing";
		};
/* End PBXNativeTarget section */

/* Begin PBXProject section */
		B173F34E260CAEDE00717643 /* Project object */ = {
			isa = PBXProject;
			attributes = {
				LastSwiftUpdateCheck = 1240;
				LastUpgradeCheck = 1240;
				TargetAttributes = {
					B173F359260CAEE100717643 = {
						CreatedOnToolsVersion = 12.4;
					};
					B173F361260CAEE100717643 = {
						CreatedOnToolsVersion = 12.4;
					};
					B173F369260CAEE100717643 = {
						CreatedOnToolsVersion = 12.4;
						TestTargetID = B173F359260CAEE100717643;
					};
					B173F374260CAEE100717643 = {
						CreatedOnToolsVersion = 12.4;
						TestTargetID = B173F361260CAEE100717643;
					};
				};
			};
			buildConfigurationList = B173F351260CAEDE00717643 /* Build configuration list for PBXProject "AutoClicker" */;
			compatibilityVersion = "Xcode 9.3";
			developmentRegion = en;
			hasScannedForEncodings = 0;
			knownRegions = (
				en,
				Base,
			);
			mainGroup = B173F34D260CAEDE00717643;
			packageReferences = (
				B10801FE261A33ED003E098E /* XCRemoteSwiftPackageReference "KeyboardShortcuts" */,
			);
			productRefGroup = B173F35B260CAEE100717643 /* Products */;
			projectDirPath = "";
			projectRoot = "";
			targets = (
				B173F359260CAEE100717643 /* AutoClicker (iOS) */,
				B173F361260CAEE100717643 /* AutoClicker (macOS) */,
				B173F369260CAEE100717643 /* Tests iOS */,
				B173F374260CAEE100717643 /* Tests macOS */,
			);
		};
/* End PBXProject section */

/* Begin PBXResourcesBuildPhase section */
		B173F358260CAEE100717643 /* Resources */ = {
			isa = PBXResourcesBuildPhase;
			buildActionMask = 2147483647;
			files = (
				B173F380260CAEE100717643 /* Assets.xcassets in Resources */,
			);
			runOnlyForDeploymentPostprocessing = 0;
		};
		B173F360260CAEE100717643 /* Resources */ = {
			isa = PBXResourcesBuildPhase;
			buildActionMask = 2147483647;
			files = (
				B173F381260CAEE100717643 /* Assets.xcassets in Resources */,
			);
			runOnlyForDeploymentPostprocessing = 0;
		};
		B173F368260CAEE100717643 /* Resources */ = {
			isa = PBXResourcesBuildPhase;
			buildActionMask = 2147483647;
			files = (
			);
			runOnlyForDeploymentPostprocessing = 0;
		};
		B173F373260CAEE100717643 /* Resources */ = {
			isa = PBXResourcesBuildPhase;
			buildActionMask = 2147483647;
			files = (
			);
			runOnlyForDeploymentPostprocessing = 0;
		};
/* End PBXResourcesBuildPhase section */

/* Begin PBXSourcesBuildPhase section */
		B173F356260CAEE100717643 /* Sources */ = {
			isa = PBXSourcesBuildPhase;
			buildActionMask = 2147483647;
			files = (
				B173F39C260D5C6800717643 /* HomeView.swift in Sources */,
				B173F37E260CAEE100717643 /* ContentView.swift in Sources */,
				B173F37C260CAEE100717643 /* AutoClickerApp.swift in Sources */,
			);
			runOnlyForDeploymentPostprocessing = 0;
		};
		B173F35E260CAEE100717643 /* Sources */ = {
			isa = PBXSourcesBuildPhase;
			buildActionMask = 2147483647;
			files = (
				B108020C261A38B8003E098E /* SettingsView.swift in Sources */,
				B10801EC26180977003E098E /* VisualEffectBlur.swift in Sources */,
				B173F39D260D5C6800717643 /* HomeView.swift in Sources */,
				B1FD016B261A54C000690375 /* AppState.swift in Sources */,
				B173F37F260CAEE100717643 /* ContentView.swift in Sources */,
				B173F37D260CAEE100717643 /* AutoClickerApp.swift in Sources */,
				B1080212261A3957003E098E /* GeneralSettingsView.swift in Sources */,
				B1080206261A3521003E098E /* Constants.swift in Sources */,
			);
			runOnlyForDeploymentPostprocessing = 0;
		};
		B173F366260CAEE100717643 /* Sources */ = {
			isa = PBXSourcesBuildPhase;
			buildActionMask = 2147483647;
			files = (
				B173F36F260CAEE100717643 /* Tests_iOS.swift in Sources */,
			);
			runOnlyForDeploymentPostprocessing = 0;
		};
		B173F371260CAEE100717643 /* Sources */ = {
			isa = PBXSourcesBuildPhase;
			buildActionMask = 2147483647;
			files = (
				B173F37A260CAEE100717643 /* Tests_macOS.swift in Sources */,
			);
			runOnlyForDeploymentPostprocessing = 0;
		};
/* End PBXSourcesBuildPhase section */

/* Begin PBXTargetDependency section */
		B173F36C260CAEE100717643 /* PBXTargetDependency */ = {
			isa = PBXTargetDependency;
			target = B173F359260CAEE100717643 /* AutoClicker (iOS) */;
			targetProxy = B173F36B260CAEE100717643 /* PBXContainerItemProxy */;
		};
		B173F377260CAEE100717643 /* PBXTargetDependency */ = {
			isa = PBXTargetDependency;
			target = B173F361260CAEE100717643 /* AutoClicker (macOS) */;
			targetProxy = B173F376260CAEE100717643 /* PBXContainerItemProxy */;
		};
/* End PBXTargetDependency section */

/* Begin XCBuildConfiguration section */
		B173F382260CAEE100717643 /* Debug */ = {
			isa = XCBuildConfiguration;
			buildSettings = {
				ALWAYS_SEARCH_USER_PATHS = NO;
				CLANG_ANALYZER_NONNULL = YES;
				CLANG_ANALYZER_NUMBER_OBJECT_CONVERSION = YES_AGGRESSIVE;
				CLANG_CXX_LANGUAGE_STANDARD = "gnu++14";
				CLANG_CXX_LIBRARY = "libc++";
				CLANG_ENABLE_MODULES = YES;
				CLANG_ENABLE_OBJC_ARC = YES;
				CLANG_ENABLE_OBJC_WEAK = YES;
				CLANG_WARN_BLOCK_CAPTURE_AUTORELEASING = YES;
				CLANG_WARN_BOOL_CONVERSION = YES;
				CLANG_WARN_COMMA = YES;
				CLANG_WARN_CONSTANT_CONVERSION = YES;
				CLANG_WARN_DEPRECATED_OBJC_IMPLEMENTATIONS = YES;
				CLANG_WARN_DIRECT_OBJC_ISA_USAGE = YES_ERROR;
				CLANG_WARN_DOCUMENTATION_COMMENTS = YES;
				CLANG_WARN_EMPTY_BODY = YES;
				CLANG_WARN_ENUM_CONVERSION = YES;
				CLANG_WARN_INFINITE_RECURSION = YES;
				CLANG_WARN_INT_CONVERSION = YES;
				CLANG_WARN_NON_LITERAL_NULL_CONVERSION = YES;
				CLANG_WARN_OBJC_IMPLICIT_RETAIN_SELF = YES;
				CLANG_WARN_OBJC_LITERAL_CONVERSION = YES;
				CLANG_WARN_OBJC_ROOT_CLASS = YES_ERROR;
				CLANG_WARN_QUOTED_INCLUDE_IN_FRAMEWORK_HEADER = YES;
				CLANG_WARN_RANGE_LOOP_ANALYSIS = YES;
				CLANG_WARN_STRICT_PROTOTYPES = YES;
				CLANG_WARN_SUSPICIOUS_MOVE = YES;
				CLANG_WARN_UNGUARDED_AVAILABILITY = YES_AGGRESSIVE;
				CLANG_WARN_UNREACHABLE_CODE = YES;
				CLANG_WARN__DUPLICATE_METHOD_MATCH = YES;
				COPY_PHASE_STRIP = NO;
				DEBUG_INFORMATION_FORMAT = dwarf;
				ENABLE_STRICT_OBJC_MSGSEND = YES;
				ENABLE_TESTABILITY = YES;
				GCC_C_LANGUAGE_STANDARD = gnu11;
				GCC_DYNAMIC_NO_PIC = NO;
				GCC_NO_COMMON_BLOCKS = YES;
				GCC_OPTIMIZATION_LEVEL = 0;
				GCC_PREPROCESSOR_DEFINITIONS = (
					"DEBUG=1",
					"$(inherited)",
				);
				GCC_WARN_64_TO_32_BIT_CONVERSION = YES;
				GCC_WARN_ABOUT_RETURN_TYPE = YES_ERROR;
				GCC_WARN_UNDECLARED_SELECTOR = YES;
				GCC_WARN_UNINITIALIZED_AUTOS = YES_AGGRESSIVE;
				GCC_WARN_UNUSED_FUNCTION = YES;
				GCC_WARN_UNUSED_VARIABLE = YES;
				MTL_ENABLE_DEBUG_INFO = INCLUDE_SOURCE;
				MTL_FAST_MATH = YES;
				ONLY_ACTIVE_ARCH = YES;
				SWIFT_ACTIVE_COMPILATION_CONDITIONS = DEBUG;
				SWIFT_OPTIMIZATION_LEVEL = "-Onone";
			};
			name = Debug;
		};
		B173F383260CAEE100717643 /* Release */ = {
			isa = XCBuildConfiguration;
			buildSettings = {
				ALWAYS_SEARCH_USER_PATHS = NO;
				CLANG_ANALYZER_NONNULL = YES;
				CLANG_ANALYZER_NUMBER_OBJECT_CONVERSION = YES_AGGRESSIVE;
				CLANG_CXX_LANGUAGE_STANDARD = "gnu++14";
				CLANG_CXX_LIBRARY = "libc++";
				CLANG_ENABLE_MODULES = YES;
				CLANG_ENABLE_OBJC_ARC = YES;
				CLANG_ENABLE_OBJC_WEAK = YES;
				CLANG_WARN_BLOCK_CAPTURE_AUTORELEASING = YES;
				CLANG_WARN_BOOL_CONVERSION = YES;
				CLANG_WARN_COMMA = YES;
				CLANG_WARN_CONSTANT_CONVERSION = YES;
				CLANG_WARN_DEPRECATED_OBJC_IMPLEMENTATIONS = YES;
				CLANG_WARN_DIRECT_OBJC_ISA_USAGE = YES_ERROR;
				CLANG_WARN_DOCUMENTATION_COMMENTS = YES;
				CLANG_WARN_EMPTY_BODY = YES;
				CLANG_WARN_ENUM_CONVERSION = YES;
				CLANG_WARN_INFINITE_RECURSION = YES;
				CLANG_WARN_INT_CONVERSION = YES;
				CLANG_WARN_NON_LITERAL_NULL_CONVERSION = YES;
				CLANG_WARN_OBJC_IMPLICIT_RETAIN_SELF = YES;
				CLANG_WARN_OBJC_LITERAL_CONVERSION = YES;
				CLANG_WARN_OBJC_ROOT_CLASS = YES_ERROR;
				CLANG_WARN_QUOTED_INCLUDE_IN_FRAMEWORK_HEADER = YES;
				CLANG_WARN_RANGE_LOOP_ANALYSIS = YES;
				CLANG_WARN_STRICT_PROTOTYPES = YES;
				CLANG_WARN_SUSPICIOUS_MOVE = YES;
				CLANG_WARN_UNGUARDED_AVAILABILITY = YES_AGGRESSIVE;
				CLANG_WARN_UNREACHABLE_CODE = YES;
				CLANG_WARN__DUPLICATE_METHOD_MATCH = YES;
				COPY_PHASE_STRIP = NO;
				DEBUG_INFORMATION_FORMAT = "dwarf-with-dsym";
				ENABLE_NS_ASSERTIONS = NO;
				ENABLE_STRICT_OBJC_MSGSEND = YES;
				GCC_C_LANGUAGE_STANDARD = gnu11;
				GCC_NO_COMMON_BLOCKS = YES;
				GCC_WARN_64_TO_32_BIT_CONVERSION = YES;
				GCC_WARN_ABOUT_RETURN_TYPE = YES_ERROR;
				GCC_WARN_UNDECLARED_SELECTOR = YES;
				GCC_WARN_UNINITIALIZED_AUTOS = YES_AGGRESSIVE;
				GCC_WARN_UNUSED_FUNCTION = YES;
				GCC_WARN_UNUSED_VARIABLE = YES;
				MTL_ENABLE_DEBUG_INFO = NO;
				MTL_FAST_MATH = YES;
				SWIFT_COMPILATION_MODE = wholemodule;
				SWIFT_OPTIMIZATION_LEVEL = "-O";
			};
			name = Release;
		};
		B173F385260CAEE100717643 /* Debug */ = {
			isa = XCBuildConfiguration;
			buildSettings = {
				ASSETCATALOG_COMPILER_APPICON_NAME = AppIcon;
				ASSETCATALOG_COMPILER_GLOBAL_ACCENT_COLOR_NAME = AccentColor;
				CODE_SIGN_STYLE = Automatic;
				DEVELOPMENT_TEAM = NM42TL94LW;
				ENABLE_PREVIEWS = YES;
				INFOPLIST_FILE = iOS/Info.plist;
				IPHONEOS_DEPLOYMENT_TARGET = 14.0;
				LD_RUNPATH_SEARCH_PATHS = (
					"$(inherited)",
					"@executable_path/Frameworks",
				);
				PRODUCT_BUNDLE_IDENTIFIER = focux.AutoClicker;
				PRODUCT_NAME = AutoClicker;
				SDKROOT = iphoneos;
				SWIFT_VERSION = 5.0;
				TARGETED_DEVICE_FAMILY = "1,2";
			};
			name = Debug;
		};
		B173F386260CAEE100717643 /* Release */ = {
			isa = XCBuildConfiguration;
			buildSettings = {
				ASSETCATALOG_COMPILER_APPICON_NAME = AppIcon;
				ASSETCATALOG_COMPILER_GLOBAL_ACCENT_COLOR_NAME = AccentColor;
				CODE_SIGN_STYLE = Automatic;
				DEVELOPMENT_TEAM = NM42TL94LW;
				ENABLE_PREVIEWS = YES;
				INFOPLIST_FILE = iOS/Info.plist;
				IPHONEOS_DEPLOYMENT_TARGET = 14.0;
				LD_RUNPATH_SEARCH_PATHS = (
					"$(inherited)",
					"@executable_path/Frameworks",
				);
				PRODUCT_BUNDLE_IDENTIFIER = focux.AutoClicker;
				PRODUCT_NAME = AutoClicker;
				SDKROOT = iphoneos;
				SWIFT_VERSION = 5.0;
				TARGETED_DEVICE_FAMILY = "1,2";
				VALIDATE_PRODUCT = YES;
			};
			name = Release;
		};
		B173F388260CAEE100717643 /* Debug */ = {
			isa = XCBuildConfiguration;
			buildSettings = {
				ASSETCATALOG_COMPILER_APPICON_NAME = AppIcon;
				ASSETCATALOG_COMPILER_GLOBAL_ACCENT_COLOR_NAME = AccentColor;
				CODE_SIGN_ENTITLEMENTS = macOS/macOS.entitlements;
				CODE_SIGN_STYLE = Automatic;
				COMBINE_HIDPI_IMAGES = YES;
				DEVELOPMENT_TEAM = NM42TL94LW;
				ENABLE_HARDENED_RUNTIME = YES;
				ENABLE_PREVIEWS = YES;
				INFOPLIST_FILE = macOS/Info.plist;
				LD_RUNPATH_SEARCH_PATHS = (
					"$(inherited)",
					"@executable_path/../Frameworks",
				);
				MACOSX_DEPLOYMENT_TARGET = 11.0;
				PRODUCT_BUNDLE_IDENTIFIER = focux.AutoClicker;
				PRODUCT_NAME = AutoClicker;
				SDKROOT = macosx;
				SWIFT_VERSION = 5.0;
			};
			name = Debug;
		};
		B173F389260CAEE100717643 /* Release */ = {
			isa = XCBuildConfiguration;
			buildSettings = {
				ASSETCATALOG_COMPILER_APPICON_NAME = AppIcon;
				ASSETCATALOG_COMPILER_GLOBAL_ACCENT_COLOR_NAME = AccentColor;
				CODE_SIGN_ENTITLEMENTS = macOS/macOS.entitlements;
				CODE_SIGN_STYLE = Automatic;
				COMBINE_HIDPI_IMAGES = YES;
				DEVELOPMENT_TEAM = NM42TL94LW;
				ENABLE_HARDENED_RUNTIME = YES;
				ENABLE_PREVIEWS = YES;
				INFOPLIST_FILE = macOS/Info.plist;
				LD_RUNPATH_SEARCH_PATHS = (
					"$(inherited)",
					"@executable_path/../Frameworks",
				);
				MACOSX_DEPLOYMENT_TARGET = 11.0;
				PRODUCT_BUNDLE_IDENTIFIER = focux.AutoClicker;
				PRODUCT_NAME = AutoClicker;
				SDKROOT = macosx;
				SWIFT_VERSION = 5.0;
			};
			name = Release;
		};
		B173F38B260CAEE100717643 /* Debug */ = {
			isa = XCBuildConfiguration;
			buildSettings = {
				ALWAYS_EMBED_SWIFT_STANDARD_LIBRARIES = YES;
				CODE_SIGN_STYLE = Automatic;
				DEVELOPMENT_TEAM = NM42TL94LW;
				INFOPLIST_FILE = "Tests iOS/Info.plist";
				IPHONEOS_DEPLOYMENT_TARGET = 14.4;
				LD_RUNPATH_SEARCH_PATHS = (
					"$(inherited)",
					"@executable_path/Frameworks",
					"@loader_path/Frameworks",
				);
				PRODUCT_BUNDLE_IDENTIFIER = "focux.Tests-iOS";
				PRODUCT_NAME = "$(TARGET_NAME)";
				SDKROOT = iphoneos;
				SWIFT_VERSION = 5.0;
				TARGETED_DEVICE_FAMILY = "1,2";
				TEST_TARGET_NAME = "AutoClicker (iOS)";
			};
			name = Debug;
		};
		B173F38C260CAEE100717643 /* Release */ = {
			isa = XCBuildConfiguration;
			buildSettings = {
				ALWAYS_EMBED_SWIFT_STANDARD_LIBRARIES = YES;
				CODE_SIGN_STYLE = Automatic;
				DEVELOPMENT_TEAM = NM42TL94LW;
				INFOPLIST_FILE = "Tests iOS/Info.plist";
				IPHONEOS_DEPLOYMENT_TARGET = 14.4;
				LD_RUNPATH_SEARCH_PATHS = (
					"$(inherited)",
					"@executable_path/Frameworks",
					"@loader_path/Frameworks",
				);
				PRODUCT_BUNDLE_IDENTIFIER = "focux.Tests-iOS";
				PRODUCT_NAME = "$(TARGET_NAME)";
				SDKROOT = iphoneos;
				SWIFT_VERSION = 5.0;
				TARGETED_DEVICE_FAMILY = "1,2";
				TEST_TARGET_NAME = "AutoClicker (iOS)";
				VALIDATE_PRODUCT = YES;
			};
			name = Release;
		};
		B173F38E260CAEE100717643 /* Debug */ = {
			isa = XCBuildConfiguration;
			buildSettings = {
				ALWAYS_EMBED_SWIFT_STANDARD_LIBRARIES = YES;
				CODE_SIGN_STYLE = Automatic;
				COMBINE_HIDPI_IMAGES = YES;
				DEVELOPMENT_TEAM = NM42TL94LW;
				INFOPLIST_FILE = "Tests macOS/Info.plist";
				LD_RUNPATH_SEARCH_PATHS = (
					"$(inherited)",
					"@executable_path/../Frameworks",
					"@loader_path/../Frameworks",
				);
				MACOSX_DEPLOYMENT_TARGET = 11.1;
				PRODUCT_BUNDLE_IDENTIFIER = "focux.Tests-macOS";
				PRODUCT_NAME = "$(TARGET_NAME)";
				SDKROOT = macosx;
				SWIFT_VERSION = 5.0;
				TEST_TARGET_NAME = "AutoClicker (macOS)";
			};
			name = Debug;
		};
		B173F38F260CAEE100717643 /* Release */ = {
			isa = XCBuildConfiguration;
			buildSettings = {
				ALWAYS_EMBED_SWIFT_STANDARD_LIBRARIES = YES;
				CODE_SIGN_STYLE = Automatic;
				COMBINE_HIDPI_IMAGES = YES;
				DEVELOPMENT_TEAM = NM42TL94LW;
				INFOPLIST_FILE = "Tests macOS/Info.plist";
				LD_RUNPATH_SEARCH_PATHS = (
					"$(inherited)",
					"@executable_path/../Frameworks",
					"@loader_path/../Frameworks",
				);
				MACOSX_DEPLOYMENT_TARGET = 11.1;
				PRODUCT_BUNDLE_IDENTIFIER = "focux.Tests-macOS";
				PRODUCT_NAME = "$(TARGET_NAME)";
				SDKROOT = macosx;
				SWIFT_VERSION = 5.0;
				TEST_TARGET_NAME = "AutoClicker (macOS)";
			};
			name = Release;
		};
/* End XCBuildConfiguration section */

/* Begin XCConfigurationList section */
		B173F351260CAEDE00717643 /* Build configuration list for PBXProject "AutoClicker" */ = {
			isa = XCConfigurationList;
			buildConfigurations = (
				B173F382260CAEE100717643 /* Debug */,
				B173F383260CAEE100717643 /* Release */,
			);
			defaultConfigurationIsVisible = 0;
			defaultConfigurationName = Release;
		};
		B173F384260CAEE100717643 /* Build configuration list for PBXNativeTarget "AutoClicker (iOS)" */ = {
			isa = XCConfigurationList;
			buildConfigurations = (
				B173F385260CAEE100717643 /* Debug */,
				B173F386260CAEE100717643 /* Release */,
			);
			defaultConfigurationIsVisible = 0;
			defaultConfigurationName = Release;
		};
		B173F387260CAEE100717643 /* Build configuration list for PBXNativeTarget "AutoClicker (macOS)" */ = {
			isa = XCConfigurationList;
			buildConfigurations = (
				B173F388260CAEE100717643 /* Debug */,
				B173F389260CAEE100717643 /* Release */,
			);
			defaultConfigurationIsVisible = 0;
			defaultConfigurationName = Release;
		};
		B173F38A260CAEE100717643 /* Build configuration list for PBXNativeTarget "Tests iOS" */ = {
			isa = XCConfigurationList;
			buildConfigurations = (
				B173F38B260CAEE100717643 /* Debug */,
				B173F38C260CAEE100717643 /* Release */,
			);
			defaultConfigurationIsVisible = 0;
			defaultConfigurationName = Release;
		};
		B173F38D260CAEE100717643 /* Build configuration list for PBXNativeTarget "Tests macOS" */ = {
			isa = XCConfigurationList;
			buildConfigurations = (
				B173F38E260CAEE100717643 /* Debug */,
				B173F38F260CAEE100717643 /* Release */,
			);
			defaultConfigurationIsVisible = 0;
			defaultConfigurationName = Release;
		};
/* End XCConfigurationList section */

/* Begin XCRemoteSwiftPackageReference section */
		B10801FE261A33ED003E098E /* XCRemoteSwiftPackageReference "KeyboardShortcuts" */ = {
			isa = XCRemoteSwiftPackageReference;
			repositoryURL = "https://github.com/sindresorhus/KeyboardShortcuts";
			requirement = {
				kind = upToNextMajorVersion;
				minimumVersion = 1.0.0;
			};
		};
/* End XCRemoteSwiftPackageReference section */

/* Begin XCSwiftPackageProductDependency section */
		B10801FF261A33ED003E098E /* KeyboardShortcuts */ = {
			isa = XCSwiftPackageProductDependency;
			package = B10801FE261A33ED003E098E /* XCRemoteSwiftPackageReference "KeyboardShortcuts" */;
			productName = KeyboardShortcuts;
		};
/* End XCSwiftPackageProductDependency section */
	};
	rootObject = B173F34E260CAEDE00717643 /* Project object */;
}
